
Microsoft Visual Studio Solution File, Format Version 12.00
# Visual Studio Version 17
VisualStudioVersion = 17.14.36518.9 d17.14
MinimumVisualStudioVersion = 10.0.40219.1
Project("{FAE04EC0-301F-11D3-BF4B-00C04F79EFBC}") = "DI", "DI.csproj", "{C361E7EA-8CE6-446B-9A30-89113FFA7FAE}"
EndProject
Global
	GlobalSection(SolutionConfigurationPlatforms) = preSolution
		Debug|Any CPU = Debug|Any CPU
		Release|Any CPU = Release|Any CPU
	EndGlobalSection
	GlobalSection(ProjectConfigurationPlatforms) = postSolution
		{C361E7EA-8CE6-446B-9A30-89113FFA7FAE}.Debug|Any CPU.ActiveCfg = Debug|Any CPU
		{C361E7EA-8CE6-446B-9A30-89113FFA7FAE}.Debug|Any CPU.Build.0 = Debug|Any CPU
		{C361E7EA-8CE6-446B-9A30-89113FFA7FAE}.Release|Any CPU.ActiveCfg = Release|Any CPU
		{C361E7EA-8CE6-446B-9A30-89113FFA7FAE}.Release|Any CPU.Build.0 = Release|Any CPU
	EndGlobalSection
	GlobalSection(SolutionProperties) = preSolution
		HideSolutionNode = FALSE
	EndGlobalSection
	GlobalSection(ExtensibilityGlobals) = postSolution
		SolutionGuid = {1C96E55B-A495-47D3-AA72-5F3F76B7FDDE}
	EndGlobalSection
EndGlobal
